
Microsoft Visual Studio Solution File, Format Version 12.00
# Visual Studio Version 16
VisualStudioVersion = 16.0.30413.136
MinimumVisualStudioVersion = 10.0.40219.1
Project("{FAE04EC0-301F-11D3-BF4B-00C04F79EFBC}") = "code_trainning", "code_trainning.csproj", "{068A9225-816F-4DB6-A13E-95E2C1628F82}"
EndProject
Global
	GlobalSection(SolutionConfigurationPlatforms) = preSolution
		Debug|Any CPU = Debug|Any CPU
		Release|Any CPU = Release|Any CPU
	EndGlobalSection
	GlobalSection(ProjectConfigurationPlatforms) = postSolution
		{068A9225-816F-4DB6-A13E-95E2C1628F82}.Debug|Any CPU.ActiveCfg = Debug|Any CPU
		{068A9225-816F-4DB6-A13E-95E2C1628F82}.Debug|Any CPU.Build.0 = Debug|Any CPU
		{068A9225-816F-4DB6-A13E-95E2C1628F82}.Release|Any CPU.ActiveCfg = Release|Any CPU
		{068A9225-816F-4DB6-A13E-95E2C1628F82}.Release|Any CPU.Build.0 = Release|Any CPU
	EndGlobalSection
	GlobalSection(SolutionProperties) = preSolution
		HideSolutionNode = FALSE
	EndGlobalSection
	GlobalSection(ExtensibilityGlobals) = postSolution
		SolutionGuid = {52152B47-BB11-4D62-B089-A6BCB674C935}
	EndGlobalSection
EndGlobal
